
Microsoft Visual Studio Solution File, Format Version 12.00
# Visual Studio Version 17
VisualStudioVersion = 17.11.35327.3
MinimumVisualStudioVersion = 10.0.40219.1
Project("{2150E333-8FDC-42A3-9474-1A3956D46DE8}") = "01", "01", "{F929B363-62E6-4E88-B55A-0822897539A7}"
EndProject
Project("{9A19103F-16F7-4668-BE54-9A1E7A4F7556}") = "IsNumberOddOrNot", "IsNumberOddOrNot\IsNumberOddOrNot.csproj", "{00E118A5-2625-45C7-88AE-73A9EBF30397}"
EndProject
Project("{2150E333-8FDC-42A3-9474-1A3956D46DE8}") = "02", "02", "{0923C29C-BD6D-4613-A190-82BE41B11B91}"
EndProject
Project("{9A19103F-16F7-4668-BE54-9A1E7A4F7556}") = "TheGreathestNumber", "TheGreathestNumber\TheGreathestNumber.csproj", "{0D285785-F0F3-4A62-96E9-3B8A67B8644E}"
EndProject
Project("{2150E333-8FDC-42A3-9474-1A3956D46DE8}") = "Utils", "Utils", "{F3696B9F-9ADC-4E58-835E-03AF75B4C7D8}"
EndProject
Project("{9A19103F-16F7-4668-BE54-9A1E7A4F7556}") = "Utils", "Utils\Utils.csproj", "{28BB4067-4F2F-4655-BB5E-AE731ED53671}"
EndProject
Project("{2150E333-8FDC-42A3-9474-1A3956D46DE8}") = "03", "03", "{428485B7-D961-4BE8-A580-70BE2F1FEE88}"
EndProject
Project("{9A19103F-16F7-4668-BE54-9A1E7A4F7556}") = "SortNumbers", "SortNumbers\SortNumbers.csproj", "{A56550C8-B23E-459D-91CB-1906134BE6DE}"
EndProject
Project("{2150E333-8FDC-42A3-9474-1A3956D46DE8}") = "04", "04", "{1B5CD58C-0376-49E5-AB98-CBA274A300B1}"
EndProject
Project("{9A19103F-16F7-4668-BE54-9A1E7A4F7556}") = "IsMultipleOfAnother", "IsMultipleOfAnother\IsMultipleOfAnother.csproj", "{255902F1-019C-44E3-8D6A-5D2FCF46C06B}"
EndProject
Project("{2150E333-8FDC-42A3-9474-1A3956D46DE8}") = "05", "05", "{737F0768-7A70-4776-9896-77BB55831B97}"
EndProject
Project("{9A19103F-16F7-4668-BE54-9A1E7A4F7556}") = "IsLeapYear", "IsLeapYear\IsLeapYear.csproj", "{09AB36E1-AFBB-49C5-8FCE-30984C3A537B}"
EndProject
Project("{2150E333-8FDC-42A3-9474-1A3956D46DE8}") = "06", "06", "{22D84535-3BE4-4DBE-A782-5C9F3757755F}"
EndProject
Project("{9A19103F-16F7-4668-BE54-9A1E7A4F7556}") = "SimplePayroll", "SimplePayroll\SimplePayroll.csproj", "{30A41A2A-CCBC-4B08-B667-D00A4F3DF461}"
EndProject
Project("{2150E333-8FDC-42A3-9474-1A3956D46DE8}") = "07", "07", "{00C63159-EF4B-4D46-A4E5-911C484614B3}"
EndProject
Project("{9A19103F-16F7-4668-BE54-9A1E7A4F7556}") = "Discounts", "Discounts\Discounts.csproj", "{B3BA9647-403B-4427-8B88-43D5E2A01456}"
EndProject
Project("{2150E333-8FDC-42A3-9474-1A3956D46DE8}") = "08", "08", "{DF3137E2-9773-4B04-875C-0546738E1AD5}"
EndProject
Project("{9A19103F-16F7-4668-BE54-9A1E7A4F7556}") = "RegistrationValue", "RegistrationValue\RegistrationValue.csproj", "{64096AE4-9F17-42F0-8D94-8A5D1C2F202B}"
EndProject
Project("{2150E333-8FDC-42A3-9474-1A3956D46DE8}") = "09", "09", "{985917AE-918F-48F0-8C6B-F809EDEB0199}"
EndProject
Project("{9A19103F-16F7-4668-BE54-9A1E7A4F7556}") = "Shipping", "Shipping\Shipping.csproj", "{2EB4CF4F-78CC-41A4-82A5-02F4F61816CC}"
EndProject
Project("{2150E333-8FDC-42A3-9474-1A3956D46DE8}") = "10", "10", "{3C53FF66-0037-43C3-94E7-E585159195CA}"
EndProject
Project("{9A19103F-16F7-4668-BE54-9A1E7A4F7556}") = "SucesoStore", "SucesoStore\SucesoStore.csproj", "{D7FA69B6-950D-48E6-A89C-BCF26BA3F034}"
EndProject
Project("{2150E333-8FDC-42A3-9474-1A3956D46DE8}") = "11", "11", "{1FFE6895-A714-4690-882D-6ED9D2EB6C32}"
EndProject
Project("{9A19103F-16F7-4668-BE54-9A1E7A4F7556}") = "TransportationCompany", "TransportationCompany\TransportationCompany.csproj", "{A4B5B1D1-1FA1-4E60-8C6E-D119D9AB492F}"
EndProject
Project("{2150E333-8FDC-42A3-9474-1A3956D46DE8}") = "12", "12", "{DEC13AB5-5EA2-459C-9C44-088C5EE22808}"
EndProject
Project("{FAE04EC0-301F-11D3-BF4B-00C04F79EFBC}") = "SumAndAverage", "SumAndAverage\SumAndAverage.csproj", "{951717FD-ED7D-42E9-8E35-5F385EB88242}"
EndProject
Project("{2150E333-8FDC-42A3-9474-1A3956D46DE8}") = "13", "13", "{D23A78D9-E9B2-4E6B-82F8-54E3EB6E2AB6}"
EndProject
Project("{FAE04EC0-301F-11D3-BF4B-00C04F79EFBC}") = "Factorial", "Factorial\Factorial.csproj", "{DF0AE451-1D10-4904-A12C-699B20465C90}"
EndProject
Project("{2150E333-8FDC-42A3-9474-1A3956D46DE8}") = "14", "14", "{9484857E-1E4A-4AF8-BFCB-68DA63EA8606}"
EndProject
Project("{FAE04EC0-301F-11D3-BF4B-00C04F79EFBC}") = "Taylor", "Taylor\Taylor.csproj", "{21B417D7-811D-496C-AFAF-1636697666FA}"
EndProject
Global
	GlobalSection(SolutionConfigurationPlatforms) = preSolution
		Debug|Any CPU = Debug|Any CPU
		Release|Any CPU = Release|Any CPU
	EndGlobalSection
	GlobalSection(ProjectConfigurationPlatforms) = postSolution
		{00E118A5-2625-45C7-88AE-73A9EBF30397}.Debug|Any CPU.ActiveCfg = Debug|Any CPU
		{00E118A5-2625-45C7-88AE-73A9EBF30397}.Debug|Any CPU.Build.0 = Debug|Any CPU
		{00E118A5-2625-45C7-88AE-73A9EBF30397}.Release|Any CPU.ActiveCfg = Release|Any CPU
		{00E118A5-2625-45C7-88AE-73A9EBF30397}.Release|Any CPU.Build.0 = Release|Any CPU
		{0D285785-F0F3-4A62-96E9-3B8A67B8644E}.Debug|Any CPU.ActiveCfg = Debug|Any CPU
		{0D285785-F0F3-4A62-96E9-3B8A67B8644E}.Debug|Any CPU.Build.0 = Debug|Any CPU
		{0D285785-F0F3-4A62-96E9-3B8A67B8644E}.Release|Any CPU.ActiveCfg = Release|Any CPU
		{0D285785-F0F3-4A62-96E9-3B8A67B8644E}.Release|Any CPU.Build.0 = Release|Any CPU
		{28BB4067-4F2F-4655-BB5E-AE731ED53671}.Debug|Any CPU.ActiveCfg = Debug|Any CPU
		{28BB4067-4F2F-4655-BB5E-AE731ED53671}.Debug|Any CPU.Build.0 = Debug|Any CPU
		{28BB4067-4F2F-4655-BB5E-AE731ED53671}.Release|Any CPU.ActiveCfg = Release|Any CPU
		{28BB4067-4F2F-4655-BB5E-AE731ED53671}.Release|Any CPU.Build.0 = Release|Any CPU
		{A56550C8-B23E-459D-91CB-1906134BE6DE}.Debug|Any CPU.ActiveCfg = Debug|Any CPU
		{A56550C8-B23E-459D-91CB-1906134BE6DE}.Debug|Any CPU.Build.0 = Debug|Any CPU
		{A56550C8-B23E-459D-91CB-1906134BE6DE}.Release|Any CPU.ActiveCfg = Release|Any CPU
		{A56550C8-B23E-459D-91CB-1906134BE6DE}.Release|Any CPU.Build.0 = Release|Any CPU
		{255902F1-019C-44E3-8D6A-5D2FCF46C06B}.Debug|Any CPU.ActiveCfg = Debug|Any CPU
		{255902F1-019C-44E3-8D6A-5D2FCF46C06B}.Debug|Any CPU.Build.0 = Debug|Any CPU
		{255902F1-019C-44E3-8D6A-5D2FCF46C06B}.Release|Any CPU.ActiveCfg = Release|Any CPU
		{255902F1-019C-44E3-8D6A-5D2FCF46C06B}.Release|Any CPU.Build.0 = Release|Any CPU
		{09AB36E1-AFBB-49C5-8FCE-30984C3A537B}.Debug|Any CPU.ActiveCfg = Debug|Any CPU
		{09AB36E1-AFBB-49C5-8FCE-30984C3A537B}.Debug|Any CPU.Build.0 = Debug|Any CPU
		{09AB36E1-AFBB-49C5-8FCE-30984C3A537B}.Release|Any CPU.ActiveCfg = Release|Any CPU
		{09AB36E1-AFBB-49C5-8FCE-30984C3A537B}.Release|Any CPU.Build.0 = Release|Any CPU
		{30A41A2A-CCBC-4B08-B667-D00A4F3DF461}.Debug|Any CPU.ActiveCfg = Debug|Any CPU
		{30A41A2A-CCBC-4B08-B667-D00A4F3DF461}.Debug|Any CPU.Build.0 = Debug|Any CPU
		{30A41A2A-CCBC-4B08-B667-D00A4F3DF461}.Release|Any CPU.ActiveCfg = Release|Any CPU
		{30A41A2A-CCBC-4B08-B667-D00A4F3DF461}.Release|Any CPU.Build.0 = Release|Any CPU
		{B3BA9647-403B-4427-8B88-43D5E2A01456}.Debug|Any CPU.ActiveCfg = Debug|Any CPU
		{B3BA9647-403B-4427-8B88-43D5E2A01456}.Debug|Any CPU.Build.0 = Debug|Any CPU
		{B3BA9647-403B-4427-8B88-43D5E2A01456}.Release|Any CPU.ActiveCfg = Release|Any CPU
		{B3BA9647-403B-4427-8B88-43D5E2A01456}.Release|Any CPU.Build.0 = Release|Any CPU
		{64096AE4-9F17-42F0-8D94-8A5D1C2F202B}.Debug|Any CPU.ActiveCfg = Debug|Any CPU
		{64096AE4-9F17-42F0-8D94-8A5D1C2F202B}.Debug|Any CPU.Build.0 = Debug|Any CPU
		{64096AE4-9F17-42F0-8D94-8A5D1C2F202B}.Release|Any CPU.ActiveCfg = Release|Any CPU
		{64096AE4-9F17-42F0-8D94-8A5D1C2F202B}.Release|Any CPU.Build.0 = Release|Any CPU
		{2EB4CF4F-78CC-41A4-82A5-02F4F61816CC}.Debug|Any CPU.ActiveCfg = Debug|Any CPU
		{2EB4CF4F-78CC-41A4-82A5-02F4F61816CC}.Debug|Any CPU.Build.0 = Debug|Any CPU
		{2EB4CF4F-78CC-41A4-82A5-02F4F61816CC}.Release|Any CPU.ActiveCfg = Release|Any CPU
		{2EB4CF4F-78CC-41A4-82A5-02F4F61816CC}.Release|Any CPU.Build.0 = Release|Any CPU
		{D7FA69B6-950D-48E6-A89C-BCF26BA3F034}.Debug|Any CPU.ActiveCfg = Debug|Any CPU
		{D7FA69B6-950D-48E6-A89C-BCF26BA3F034}.Debug|Any CPU.Build.0 = Debug|Any CPU
		{D7FA69B6-950D-48E6-A89C-BCF26BA3F034}.Release|Any CPU.ActiveCfg = Release|Any CPU
		{D7FA69B6-950D-48E6-A89C-BCF26BA3F034}.Release|Any CPU.Build.0 = Release|Any CPU
		{A4B5B1D1-1FA1-4E60-8C6E-D119D9AB492F}.Debug|Any CPU.ActiveCfg = Debug|Any CPU
		{A4B5B1D1-1FA1-4E60-8C6E-D119D9AB492F}.Debug|Any CPU.Build.0 = Debug|Any CPU
		{A4B5B1D1-1FA1-4E60-8C6E-D119D9AB492F}.Release|Any CPU.ActiveCfg = Release|Any CPU
		{A4B5B1D1-1FA1-4E60-8C6E-D119D9AB492F}.Release|Any CPU.Build.0 = Release|Any CPU
		{951717FD-ED7D-42E9-8E35-5F385EB88242}.Debug|Any CPU.ActiveCfg = Debug|Any CPU
		{951717FD-ED7D-42E9-8E35-5F385EB88242}.Debug|Any CPU.Build.0 = Debug|Any CPU
		{951717FD-ED7D-42E9-8E35-5F385EB88242}.Release|Any CPU.ActiveCfg = Release|Any CPU
		{951717FD-ED7D-42E9-8E35-5F385EB88242}.Release|Any CPU.Build.0 = Release|Any CPU
		{DF0AE451-1D10-4904-A12C-699B20465C90}.Debug|Any CPU.ActiveCfg = Debug|Any CPU
		{DF0AE451-1D10-4904-A12C-699B20465C90}.Debug|Any CPU.Build.0 = Debug|Any CPU
		{DF0AE451-1D10-4904-A12C-699B20465C90}.Release|Any CPU.ActiveCfg = Release|Any CPU
		{DF0AE451-1D10-4904-A12C-699B20465C90}.Release|Any CPU.Build.0 = Release|Any CPU
		{21B417D7-811D-496C-AFAF-1636697666FA}.Debug|Any CPU.ActiveCfg = Debug|Any CPU
		{21B417D7-811D-496C-AFAF-1636697666FA}.Debug|Any CPU.Build.0 = Debug|Any CPU
		{21B417D7-811D-496C-AFAF-1636697666FA}.Release|Any CPU.ActiveCfg = Release|Any CPU
		{21B417D7-811D-496C-AFAF-1636697666FA}.Release|Any CPU.Build.0 = Release|Any CPU
	EndGlobalSection
	GlobalSection(SolutionProperties) = preSolution
		HideSolutionNode = FALSE
	EndGlobalSection
	GlobalSection(NestedProjects) = preSolution
		{00E118A5-2625-45C7-88AE-73A9EBF30397} = {F929B363-62E6-4E88-B55A-0822897539A7}
		{0D285785-F0F3-4A62-96E9-3B8A67B8644E} = {0923C29C-BD6D-4613-A190-82BE41B11B91}
		{28BB4067-4F2F-4655-BB5E-AE731ED53671} = {F3696B9F-9ADC-4E58-835E-03AF75B4C7D8}
		{A56550C8-B23E-459D-91CB-1906134BE6DE} = {428485B7-D961-4BE8-A580-70BE2F1FEE88}
		{255902F1-019C-44E3-8D6A-5D2FCF46C06B} = {1B5CD58C-0376-49E5-AB98-CBA274A300B1}
		{09AB36E1-AFBB-49C5-8FCE-30984C3A537B} = {737F0768-7A70-4776-9896-77BB55831B97}
		{30A41A2A-CCBC-4B08-B667-D00A4F3DF461} = {22D84535-3BE4-4DBE-A782-5C9F3757755F}
		{B3BA9647-403B-4427-8B88-43D5E2A01456} = {00C63159-EF4B-4D46-A4E5-911C484614B3}
		{64096AE4-9F17-42F0-8D94-8A5D1C2F202B} = {DF3137E2-9773-4B04-875C-0546738E1AD5}
		{2EB4CF4F-78CC-41A4-82A5-02F4F61816CC} = {985917AE-918F-48F0-8C6B-F809EDEB0199}
		{D7FA69B6-950D-48E6-A89C-BCF26BA3F034} = {3C53FF66-0037-43C3-94E7-E585159195CA}
		{A4B5B1D1-1FA1-4E60-8C6E-D119D9AB492F} = {1FFE6895-A714-4690-882D-6ED9D2EB6C32}
		{951717FD-ED7D-42E9-8E35-5F385EB88242} = {DEC13AB5-5EA2-459C-9C44-088C5EE22808}
		{DF0AE451-1D10-4904-A12C-699B20465C90} = {D23A78D9-E9B2-4E6B-82F8-54E3EB6E2AB6}
		{21B417D7-811D-496C-AFAF-1636697666FA} = {9484857E-1E4A-4AF8-BFCB-68DA63EA8606}
	EndGlobalSection
	GlobalSection(ExtensibilityGlobals) = postSolution
		SolutionGuid = {54FE0390-F99C-4D9C-BA98-FE0C5B940CCE}
	EndGlobalSection
EndGlobal
